
Microsoft Visual Studio Solution File, Format Version 12.00
# Visual Studio 15
VisualStudioVersion = 15.0.28307.136
MinimumVisualStudioVersion = 10.0.40219.1
Project("{8BC9CEB8-8B4A-11D0-8D11-00A0C91BC942}") = "Philosophers", "Philosophers\Philosophers.vcxproj", "{B5E6E3CF-C27A-4DC0-BAAC-5EF13FB77D39}"
EndProject
Global
	GlobalSection(SolutionConfigurationPlatforms) = preSolution
		Debug|x64 = Debug|x64
		Debug|x86 = Debug|x86
		Release|x64 = Release|x64
		Release|x86 = Release|x86
	EndGlobalSection
	GlobalSection(ProjectConfigurationPlatforms) = postSolution
		{B5E6E3CF-C27A-4DC0-BAAC-5EF13FB77D39}.Debug|x64.ActiveCfg = Debug|x64
		{B5E6E3CF-C27A-4DC0-BAAC-5EF13FB77D39}.Debug|x64.Build.0 = Debug|x64
		{B5E6E3CF-C27A-4DC0-BAAC-5EF13FB77D39}.Debug|x86.ActiveCfg = Debug|Win32
		{B5E6E3CF-C27A-4DC0-BAAC-5EF13FB77D39}.Debug|x86.Build.0 = Debug|Win32
		{B5E6E3CF-C27A-4DC0-BAAC-5EF13FB77D39}.Release|x64.ActiveCfg = Release|x64
		{B5E6E3CF-C27A-4DC0-BAAC-5EF13FB77D39}.Release|x64.Build.0 = Release|x64
		{B5E6E3CF-C27A-4DC0-BAAC-5EF13FB77D39}.Release|x86.ActiveCfg = Release|Win32
		{B5E6E3CF-C27A-4DC0-BAAC-5EF13FB77D39}.Release|x86.Build.0 = Release|Win32
	EndGlobalSection
	GlobalSection(SolutionProperties) = preSolution
		HideSolutionNode = FALSE
	EndGlobalSection
	GlobalSection(ExtensibilityGlobals) = postSolution
		SolutionGuid = {1BBC2D9B-F6C4-4061-A154-1F549FFC29C4}
	EndGlobalSection
EndGlobal
